
Microsoft Visual Studio Solution File, Format Version 12.00
# Visual Studio Version 16
VisualStudioVersion = 16.0.30413.136
MinimumVisualStudioVersion = 10.0.40219.1
Project("{FAE04EC0-301F-11D3-BF4B-00C04F79EFBC}") = "Lab2", "Lab2\Lab2.csproj", "{7250AE6B-A096-410D-AF0F-3EEECD06337E}"
EndProject
Project("{FAE04EC0-301F-11D3-BF4B-00C04F79EFBC}") = "Lab3", "Lab3\Lab3.csproj", "{9D5FC2A2-D6E4-42FA-B968-C4CC41CF12E3}"
EndProject
Project("{FAE04EC0-301F-11D3-BF4B-00C04F79EFBC}") = "Lab4", "Lab4\Lab4.csproj", "{17381B85-46FF-46FB-9E63-EB6A0D9618B8}"
EndProject
Project("{FAE04EC0-301F-11D3-BF4B-00C04F79EFBC}") = "Lab5", "Lab5\Lab5.csproj", "{69BF2E9C-FF7B-413F-9A83-30B32DEA81D7}"
EndProject
Global
	GlobalSection(SolutionConfigurationPlatforms) = preSolution
		Debug|Any CPU = Debug|Any CPU
		Release|Any CPU = Release|Any CPU
	EndGlobalSection
	GlobalSection(ProjectConfigurationPlatforms) = postSolution
		{7250AE6B-A096-410D-AF0F-3EEECD06337E}.Debug|Any CPU.ActiveCfg = Debug|Any CPU
		{7250AE6B-A096-410D-AF0F-3EEECD06337E}.Debug|Any CPU.Build.0 = Debug|Any CPU
		{7250AE6B-A096-410D-AF0F-3EEECD06337E}.Release|Any CPU.ActiveCfg = Release|Any CPU
		{7250AE6B-A096-410D-AF0F-3EEECD06337E}.Release|Any CPU.Build.0 = Release|Any CPU
		{9D5FC2A2-D6E4-42FA-B968-C4CC41CF12E3}.Debug|Any CPU.ActiveCfg = Debug|Any CPU
		{9D5FC2A2-D6E4-42FA-B968-C4CC41CF12E3}.Debug|Any CPU.Build.0 = Debug|Any CPU
		{9D5FC2A2-D6E4-42FA-B968-C4CC41CF12E3}.Release|Any CPU.ActiveCfg = Release|Any CPU
		{9D5FC2A2-D6E4-42FA-B968-C4CC41CF12E3}.Release|Any CPU.Build.0 = Release|Any CPU
		{17381B85-46FF-46FB-9E63-EB6A0D9618B8}.Debug|Any CPU.ActiveCfg = Debug|Any CPU
		{17381B85-46FF-46FB-9E63-EB6A0D9618B8}.Debug|Any CPU.Build.0 = Debug|Any CPU
		{17381B85-46FF-46FB-9E63-EB6A0D9618B8}.Release|Any CPU.ActiveCfg = Release|Any CPU
		{17381B85-46FF-46FB-9E63-EB6A0D9618B8}.Release|Any CPU.Build.0 = Release|Any CPU
		{69BF2E9C-FF7B-413F-9A83-30B32DEA81D7}.Debug|Any CPU.ActiveCfg = Debug|Any CPU
		{69BF2E9C-FF7B-413F-9A83-30B32DEA81D7}.Debug|Any CPU.Build.0 = Debug|Any CPU
		{69BF2E9C-FF7B-413F-9A83-30B32DEA81D7}.Release|Any CPU.ActiveCfg = Release|Any CPU
		{69BF2E9C-FF7B-413F-9A83-30B32DEA81D7}.Release|Any CPU.Build.0 = Release|Any CPU
	EndGlobalSection
	GlobalSection(SolutionProperties) = preSolution
		HideSolutionNode = FALSE
	EndGlobalSection
	GlobalSection(ExtensibilityGlobals) = postSolution
		SolutionGuid = {A63BF7D5-0787-408D-9997-09F1DACE0C72}
	EndGlobalSection
EndGlobal
